
Microsoft Visual Studio Solution File, Format Version 12.00
# Visual Studio Version 17
VisualStudioVersion = 17.5.002.0
MinimumVisualStudioVersion = 10.0.40219.1
Project("{9A19103F-16F7-4668-BE54-9A1E7A4F7556}") = "Earth3025Engine", "Earth3025Engine\Earth3025Engine.csproj", "{4F9D58DA-CACB-414D-834A-B823A8077B94}"
EndProject
Global
	GlobalSection(SolutionConfigurationPlatforms) = preSolution
		Debug|Any CPU = Debug|Any CPU
		Release|Any CPU = Release|Any CPU
	EndGlobalSection
	GlobalSection(ProjectConfigurationPlatforms) = postSolution
		{4F9D58DA-CACB-414D-834A-B823A8077B94}.Debug|Any CPU.ActiveCfg = Debug|Any CPU
		{4F9D58DA-CACB-414D-834A-B823A8077B94}.Debug|Any CPU.Build.0 = Debug|Any CPU
		{4F9D58DA-CACB-414D-834A-B823A8077B94}.Release|Any CPU.ActiveCfg = Release|Any CPU
		{4F9D58DA-CACB-414D-834A-B823A8077B94}.Release|Any CPU.Build.0 = Release|Any CPU
	EndGlobalSection
	GlobalSection(SolutionProperties) = preSolution
		HideSolutionNode = FALSE
	EndGlobalSection
	GlobalSection(ExtensibilityGlobals) = postSolution
		SolutionGuid = {E2F3C6F0-3C28-409F-816A-81CB9CC67DCB}
	EndGlobalSection
EndGlobal
